
Microsoft Visual Studio Solution File, Format Version 12.00
# Visual Studio 2012
Project("{FAE04EC0-301F-11D3-BF4B-00C04F79EFBC}") = "LinkParser", "LinkParser\LinkParser.csproj", "{CDD644E2-4D4E-4A79-B2A1-36F95099FD3B}"
EndProject
Global
	GlobalSection(SolutionConfigurationPlatforms) = preSolution
		Debug|Any CPU = Debug|Any CPU
		Release|Any CPU = Release|Any CPU
	EndGlobalSection
	GlobalSection(ProjectConfigurationPlatforms) = postSolution
		{CDD644E2-4D4E-4A79-B2A1-36F95099FD3B}.Debug|Any CPU.ActiveCfg = Debug|Any CPU
		{CDD644E2-4D4E-4A79-B2A1-36F95099FD3B}.Debug|Any CPU.Build.0 = Debug|Any CPU
		{CDD644E2-4D4E-4A79-B2A1-36F95099FD3B}.Release|Any CPU.ActiveCfg = Release|Any CPU
		{CDD644E2-4D4E-4A79-B2A1-36F95099FD3B}.Release|Any CPU.Build.0 = Release|Any CPU
	EndGlobalSection
	GlobalSection(SolutionProperties) = preSolution
		HideSolutionNode = FALSE
	EndGlobalSection
EndGlobal
